// !$*UTF8*$!
{
	archiveVersion = 1;
	classes = {
	};
	objectVersion = 50;
	objects = {

/* Begin PBXBuildFile section */
		EF072D5122D8D35E0093C03A /* AppDelegate.swift in Sources */ = {isa = PBXBuildFile; fileRef = EF072D5022D8D35E0093C03A /* AppDelegate.swift */; };
		EF072D5522D8D35E0093C03A /* ViewController.swift in Sources */ = {isa = PBXBuildFile; fileRef = EF072D5422D8D35E0093C03A /* ViewController.swift */; };
		EF072D5822D8D35E0093C03A /* Main.storyboard in Resources */ = {isa = PBXBuildFile; fileRef = EF072D5622D8D35E0093C03A /* Main.storyboard */; };
		EF072D5A22D8D35F0093C03A /* Assets.xcassets in Resources */ = {isa = PBXBuildFile; fileRef = EF072D5922D8D35F0093C03A /* Assets.xcassets */; };
		EF072D5D22D8D35F0093C03A /* LaunchScreen.storyboard in Resources */ = {isa = PBXBuildFile; fileRef = EF072D5B22D8D35F0093C03A /* LaunchScreen.storyboard */; };
/* End PBXBuildFile section */

/* Begin PBXFileReference section */
		EF072D4D22D8D35E0093C03A /* locus.app */ = {isa = PBXFileReference; explicitFileType = wrapper.application; includeInIndex = 0; path = locus.app; sourceTree = BUILT_PRODUCTS_DIR; };
		EF072D5022D8D35E0093C03A /* AppDelegate.swift */ = {isa = PBXFileReference; lastKnownFileType = sourcecode.swift; path = AppDelegate.swift; sourceTree = "<group>"; };
		EF072D5422D8D35E0093C03A /* ViewController.swift */ = {isa = PBXFileReference; lastKnownFileType = sourcecode.swift; path = ViewController.swift; sourceTree = "<group>"; };
		EF072D5722D8D35E0093C03A /* Base */ = {isa = PBXFileReference; lastKnownFileType = file.storyboard; name = Base; path = Base.lproj/Main.storyboard; sourceTree = "<group>"; };
		EF072D5922D8D35F0093C03A /* Assets.xcassets */ = {isa = PBXFileReference; lastKnownFileType = folder.assetcatalog; path = Assets.xcassets; sourceTree = "<group>"; };
		EF072D5C22D8D35F0093C03A /* Base */ = {isa = PBXFileReference; lastKnownFileType = file.storyboard; name = Base; path = Base.lproj/LaunchScreen.storyboard; sourceTree = "<group>"; };
		EF072D5E22D8D35F0093C03A /* Info.plist */ = {isa = PBXFileReference; lastKnownFileType = text.plist.xml; path = Info.plist; sourceTree = "<group>"; };
/* End PBXFileReference section */

/* Begin PBXFrameworksBuildPhase section */
		EF072D4A22D8D35E0093C03A /* Frameworks */ = {
			isa = PBXFrameworksBuildPhase;
			buildActionMask = 2147483647;
			files = (
			);
			runOnlyForDeploymentPostprocessing = 0;
		};
/* End PBXFrameworksBuildPhase section */

/* Begin PBXGroup section */
		EF072D4422D8D35E0093C03A = {
			isa = PBXGroup;
			children = (
				EF072D4F22D8D35E0093C03A /* locus */,
				EF072D4E22D8D35E0093C03A /* Products */,
			);
			sourceTree = "<group>";
		};
		EF072D4E22D8D35E0093C03A /* Products */ = {
			isa = PBXGroup;
			children = (
				EF072D4D22D8D35E0093C03A /* locus.app */,
			);
			name = Products;
			sourceTree = "<group>";
		};
		EF072D4F22D8D35E0093C03A /* locus */ = {
			isa = PBXGroup;
			children = (
				EF072D5022D8D35E0093C03A /* AppDelegate.swift */,
				EF072D5422D8D35E0093C03A /* ViewController.swift */,
				EF072D5622D8D35E0093C03A /* Main.storyboard */,
				EF072D5922D8D35F0093C03A /* Assets.xcassets */,
				EF072D5B22D8D35F0093C03A /* LaunchScreen.storyboard */,
				EF072D5E22D8D35F0093C03A /* Info.plist */,
			);
			path = locus;
			sourceTree = "<group>";
		};
/* End PBXGroup section */

/* Begin PBXNativeTarget section */
		EF072D4C22D8D35E0093C03A /* locus */ = {
			isa = PBXNativeTarget;
			buildConfigurationList = EF072D6122D8D35F0093C03A /* Build configuration list for PBXNativeTarget "locus" */;
			buildPhases = (
				EF072D4922D8D35E0093C03A /* Sources */,
				EF072D4A22D8D35E0093C03A /* Frameworks */,
				EF072D4B22D8D35E0093C03A /* Resources */,
			);
			buildRules = (
			);
			dependencies = (
			);
			name = locus;
			productName = locus;
			productReference = EF072D4D22D8D35E0093C03A /* locus.app */;
			productType = "com.apple.product-type.application";
		};
/* End PBXNativeTarget section */

/* Begin PBXProject section */
		EF072D4522D8D35E0093C03A /* Project object */ = {
			isa = PBXProject;
			attributes = {
				LastSwiftUpdateCheck = 1100;
				LastUpgradeCheck = 1100;
				ORGANIZATIONNAME = private;
				TargetAttributes = {
					EF072D4C22D8D35E0093C03A = {
						CreatedOnToolsVersion = 11.0;
					};
				};
			};
			buildConfigurationList = EF072D4822D8D35E0093C03A /* Build configuration list for PBXProject "locus" */;
			compatibilityVersion = "Xcode 9.3";
			developmentRegion = en;
			hasScannedForEncodings = 0;
			knownRegions = (
				en,
				Base,
			);
			mainGroup = EF072D4422D8D35E0093C03A;
			productRefGroup = EF072D4E22D8D35E0093C03A /* Products */;
			projectDirPath = "";
			projectRoot = "";
			targets = (
				EF072D4C22D8D35E0093C03A /* locus */,
			);
		};
/* End PBXProject section */

/* Begin PBXResourcesBuildPhase section */
		EF072D4B22D8D35E0093C03A /* Resources */ = {
			isa = PBXResourcesBuildPhase;
			buildActionMask = 2147483647;
			files = (
				EF072D5D22D8D35F0093C03A /* LaunchScreen.storyboard in Resources */,
				EF072D5A22D8D35F0093C03A /* Assets.xcassets in Resources */,
				EF072D5822D8D35E0093C03A /* Main.storyboard in Resources */,
			);
			runOnlyForDeploymentPostprocessing = 0;
		};
/* End PBXResourcesBuildPhase section */

/* Begin PBXSourcesBuildPhase section */
		EF072D4922D8D35E0093C03A /* Sources */ = {
			isa = PBXSourcesBuildPhase;
			buildActionMask = 2147483647;
			files = (
				EF072D5522D8D35E0093C03A /* ViewController.swift in Sources */,
				EF072D5122D8D35E0093C03A /* AppDelegate.swift in Sources */,
			);
			runOnlyForDeploymentPostprocessing = 0;
		};
/* End PBXSourcesBuildPhase section */

/* Begin PBXVariantGroup section */
		EF072D5622D8D35E0093C03A /* Main.storyboard */ = {
			isa = PBXVariantGroup;
			children = (
				EF072D5722D8D35E0093C03A /* Base */,
			);
			name = Main.storyboard;
			sourceTree = "<group>";
		};
		EF072D5B22D8D35F0093C03A /* LaunchScreen.storyboard */ = {
			isa = PBXVariantGroup;
			children = (
				EF072D5C22D8D35F0093C03A /* Base */,
			);
			name = LaunchScreen.storyboard;
			sourceTree = "<group>";
		};
/* End PBXVariantGroup section */

/* Begin XCBuildConfiguration section */
		EF072D5F22D8D35F0093C03A /* Debug */ = {
			isa = XCBuildConfiguration;
			buildSettings = {
				ALWAYS_SEARCH_USER_PATHS = NO;
				CLANG_ANALYZER_NONNULL = YES;
				CLANG_ANALYZER_NUMBER_OBJECT_CONVERSION = YES_AGGRESSIVE;
				CLANG_CXX_LANGUAGE_STANDARD = "gnu++14";
				CLANG_CXX_LIBRARY = "libc++";
				CLANG_ENABLE_MODULES = YES;
				CLANG_ENABLE_OBJC_ARC = YES;
				CLANG_ENABLE_OBJC_WEAK = YES;
				CLANG_WARN_BLOCK_CAPTURE_AUTORELEASING = YES;
				CLANG_WARN_BOOL_CONVERSION = YES;
				CLANG_WARN_COMMA = YES;
				CLANG_WARN_CONSTANT_CONVERSION = YES;
				CLANG_WARN_DEPRECATED_OBJC_IMPLEMENTATIONS = YES;
				CLANG_WARN_DIRECT_OBJC_ISA_USAGE = YES_ERROR;
				CLANG_WARN_DOCUMENTATION_COMMENTS = YES;
				CLANG_WARN_EMPTY_BODY = YES;
				CLANG_WARN_ENUM_CONVERSION = YES;
				CLANG_WARN_INFINITE_RECURSION = YES;
				CLANG_WARN_INT_CONVERSION = YES;
				CLANG_WARN_NON_LITERAL_NULL_CONVERSION = YES;
				CLANG_WARN_OBJC_IMPLICIT_RETAIN_SELF = YES;
				CLANG_WARN_OBJC_LITERAL_CONVERSION = YES;
				CLANG_WARN_OBJC_ROOT_CLASS = YES_ERROR;
				CLANG_WARN_RANGE_LOOP_ANALYSIS = YES;
				CLANG_WARN_STRICT_PROTOTYPES = YES;
				CLANG_WARN_SUSPICIOUS_MOVE = YES;
				CLANG_WARN_UNGUARDED_AVAILABILITY = YES_AGGRESSIVE;
				CLANG_WARN_UNREACHABLE_CODE = YES;
				CLANG_WARN__DUPLICATE_METHOD_MATCH = YES;
				COPY_PHASE_STRIP = NO;
				DEBUG_INFORMATION_FORMAT = dwarf;
				ENABLE_STRICT_OBJC_MSGSEND = YES;
				ENABLE_TESTABILITY = YES;
				GCC_C_LANGUAGE_STANDARD = gnu11;
				GCC_DYNAMIC_NO_PIC = NO;
				GCC_NO_COMMON_BLOCKS = YES;
				GCC_OPTIMIZATION_LEVEL = 0;
				GCC_PREPROCESSOR_DEFINITIONS = (
					"DEBUG=1",
					"$(inherited)",
				);
				GCC_WARN_64_TO_32_BIT_CONVERSION = YES;
				GCC_WARN_ABOUT_RETURN_TYPE = YES_ERROR;
				GCC_WARN_UNDECLARED_SELECTOR = YES;
				GCC_WARN_UNINITIALIZED_AUTOS = YES_AGGRESSIVE;
				GCC_WARN_UNUSED_FUNCTION = YES;
				GCC_WARN_UNUSED_VARIABLE = YES;
				IPHONEOS_DEPLOYMENT_TARGET = 10.0;
				MTL_ENABLE_DEBUG_INFO = INCLUDE_SOURCE;
				MTL_FAST_MATH = YES;
				ONLY_ACTIVE_ARCH = YES;
				SDKROOT = iphoneos;
				SWIFT_ACTIVE_COMPILATION_CONDITIONS = DEBUG;
				SWIFT_OPTIMIZATION_LEVEL = "-Onone";
			};
			name = Debug;
		};
		EF072D6022D8D35F0093C03A /* Release */ = {
			isa = XCBuildConfiguration;
			buildSettings = {
				ALWAYS_SEARCH_USER_PATHS = NO;
				CLANG_ANALYZER_NONNULL = YES;
				CLANG_ANALYZER_NUMBER_OBJECT_CONVERSION = YES_AGGRESSIVE;
				CLANG_CXX_LANGUAGE_STANDARD = "gnu++14";
				CLANG_CXX_LIBRARY = "libc++";
				CLANG_ENABLE_MODULES = YES;
				CLANG_ENABLE_OBJC_ARC = YES;
				CLANG_ENABLE_OBJC_WEAK = YES;
				CLANG_WARN_BLOCK_CAPTURE_AUTORELEASING = YES;
				CLANG_WARN_BOOL_CONVERSION = YES;
				CLANG_WARN_COMMA = YES;
				CLANG_WARN_CONSTANT_CONVERSION = YES;
				CLANG_WARN_DEPRECATED_OBJC_IMPLEMENTATIONS = YES;
				CLANG_WARN_DIRECT_OBJC_ISA_USAGE = YES_ERROR;
				CLANG_WARN_DOCUMENTATION_COMMENTS = YES;
				CLANG_WARN_EMPTY_BODY = YES;
				CLANG_WARN_ENUM_CONVERSION = YES;
				CLANG_WARN_INFINITE_RECURSION = YES;
				CLANG_WARN_INT_CONVERSION = YES;
				CLANG_WARN_NON_LITERAL_NULL_CONVERSION = YES;
				CLANG_WARN_OBJC_IMPLICIT_RETAIN_SELF = YES;
				CLANG_WARN_OBJC_LITERAL_CONVERSION = YES;
				CLANG_WARN_OBJC_ROOT_CLASS = YES_ERROR;
				CLANG_WARN_RANGE_LOOP_ANALYSIS = YES;
				CLANG_WARN_STRICT_PROTOTYPES = YES;
				CLANG_WARN_SUSPICIOUS_MOVE = YES;
				CLANG_WARN_UNGUARDED_AVAILABILITY = YES_AGGRESSIVE;
				CLANG_WARN_UNREACHABLE_CODE = YES;
				CLANG_WARN__DUPLICATE_METHOD_MATCH = YES;
				COPY_PHASE_STRIP = NO;
				DEBUG_INFORMATION_FORMAT = "dwarf-with-dsym";
				ENABLE_NS_ASSERTIONS = NO;
				ENABLE_STRICT_OBJC_MSGSEND = YES;
				GCC_C_LANGUAGE_STANDARD = gnu11;
				GCC_NO_COMMON_BLOCKS = YES;
				GCC_WARN_64_TO_32_BIT_CONVERSION = YES;
				GCC_WARN_ABOUT_RETURN_TYPE = YES_ERROR;
				GCC_WARN_UNDECLARED_SELECTOR = YES;
				GCC_WARN_UNINITIALIZED_AUTOS = YES_AGGRESSIVE;
				GCC_WARN_UNUSED_FUNCTION = YES;
				GCC_WARN_UNUSED_VARIABLE = YES;
				IPHONEOS_DEPLOYMENT_TARGET = 10.0;
				MTL_ENABLE_DEBUG_INFO = NO;
				MTL_FAST_MATH = YES;
				SDKROOT = iphoneos;
				SWIFT_COMPILATION_MODE = wholemodule;
				SWIFT_OPTIMIZATION_LEVEL = "-O";
				VALIDATE_PRODUCT = YES;
			};
			name = Release;
		};
		EF072D6222D8D35F0093C03A /* Debug */ = {
			isa = XCBuildConfiguration;
			buildSettings = {
				ASSETCATALOG_COMPILER_APPICON_NAME = AppIcon;
				CODE_SIGN_STYLE = Automatic;
				DEVELOPMENT_TEAM = G78PL65G5H;
				INFOPLIST_FILE = locus/Info.plist;
				LD_RUNPATH_SEARCH_PATHS = (
					"$(inherited)",
					"@executable_path/Frameworks",
				);
				PRODUCT_BUNDLE_IDENTIFIER = com.dev.private.locus;
				PRODUCT_NAME = "$(TARGET_NAME)";
				SWIFT_VERSION = 5.0;
				TARGETED_DEVICE_FAMILY = "1,2";
			};
			name = Debug;
		};
		EF072D6322D8D35F0093C03A /* Release */ = {
			isa = XCBuildConfiguration;
			buildSettings = {
				ASSETCATALOG_COMPILER_APPICON_NAME = AppIcon;
				CODE_SIGN_STYLE = Automatic;
				DEVELOPMENT_TEAM = G78PL65G5H;
				INFOPLIST_FILE = locus/Info.plist;
				LD_RUNPATH_SEARCH_PATHS = (
					"$(inherited)",
					"@executable_path/Frameworks",
				);
				PRODUCT_BUNDLE_IDENTIFIER = com.dev.private.locus;
				PRODUCT_NAME = "$(TARGET_NAME)";
				SWIFT_VERSION = 5.0;
				TARGETED_DEVICE_FAMILY = "1,2";
			};
			name = Release;
		};
/* End XCBuildConfiguration section */

/* Begin XCConfigurationList section */
		EF072D4822D8D35E0093C03A /* Build configuration list for PBXProject "locus" */ = {
			isa = XCConfigurationList;
			buildConfigurations = (
				EF072D5F22D8D35F0093C03A /* Debug */,
				EF072D6022D8D35F0093C03A /* Release */,
			);
			defaultConfigurationIsVisible = 0;
			defaultConfigurationName = Release;
		};
		EF072D6122D8D35F0093C03A /* Build configuration list for PBXNativeTarget "locus" */ = {
			isa = XCConfigurationList;
			buildConfigurations = (
				EF072D6222D8D35F0093C03A /* Debug */,
				EF072D6322D8D35F0093C03A /* Release */,
			);
			defaultConfigurationIsVisible = 0;
			defaultConfigurationName = Release;
		};
/* End XCConfigurationList section */
	};
	rootObject = EF072D4522D8D35E0093C03A /* Project object */;
}
